// !$*UTF8*$!
{
	archiveVersion = 1;
	classes = {
	};
	objectVersion = 48;
	objects = {

/* Begin PBXBuildFile section */
		196CAB7E200693D300B6375D /* SHAppDelegate.m in Sources */ = {isa = PBXBuildFile; fileRef = 196CAB7D200693D300B6375D /* SHAppDelegate.m */; };
		196CAB81200693D300B6375D /* SHViewController.m in Sources */ = {isa = PBXBuildFile; fileRef = 196CAB80200693D300B6375D /* SHViewController.m */; };
		196CAB84200693D300B6375D /* Main.storyboard in Resources */ = {isa = PBXBuildFile; fileRef = 196CAB82200693D300B6375D /* Main.storyboard */; };
		196CAB86200693D300B6375D /* Assets.xcassets in Resources */ = {isa = PBXBuildFile; fileRef = 196CAB85200693D300B6375D /* Assets.xcassets */; };
		196CAB89200693D300B6375D /* LaunchScreen.storyboard in Resources */ = {isa = PBXBuildFile; fileRef = 196CAB87200693D300B6375D /* LaunchScreen.storyboard */; };
		196CAB8C200693D300B6375D /* main.m in Sources */ = {isa = PBXBuildFile; fileRef = 196CAB8B200693D300B6375D /* main.m */; };
		196CAB982006950700B6375D /* SHGameBoard.m in Sources */ = {isa = PBXBuildFile; fileRef = 196CAB972006950700B6375D /* SHGameBoard.m */; };
		196CAB9B200697D300B6375D /* SHGame.m in Sources */ = {isa = PBXBuildFile; fileRef = 196CAB9A200697D300B6375D /* SHGame.m */; };
		19C5C1E62007564100237204 /* SHGliderPattern.m in Sources */ = {isa = PBXBuildFile; fileRef = 19C5C1E52007564100237204 /* SHGliderPattern.m */; };
		19C5C1EA2007580700237204 /* SHGameBoardCellKeyBuilder.m in Sources */ = {isa = PBXBuildFile; fileRef = 19C5C1E92007580700237204 /* SHGameBoardCellKeyBuilder.m */; };
		19C5C1F42007596A00237204 /* SHPattern.m in Sources */ = {isa = PBXBuildFile; fileRef = 19C5C1F32007596A00237204 /* SHPattern.m */; };
/* End PBXBuildFile section */

/* Begin PBXFileReference section */
		196CAB79200693D300B6375D /* GameOfLife.app */ = {isa = PBXFileReference; explicitFileType = wrapper.application; includeInIndex = 0; path = GameOfLife.app; sourceTree = BUILT_PRODUCTS_DIR; };
		196CAB7C200693D300B6375D /* SHAppDelegate.h */ = {isa = PBXFileReference; lastKnownFileType = sourcecode.c.h; path = SHAppDelegate.h; sourceTree = "<group>"; };
		196CAB7D200693D300B6375D /* SHAppDelegate.m */ = {isa = PBXFileReference; lastKnownFileType = sourcecode.c.objc; path = SHAppDelegate.m; sourceTree = "<group>"; };
		196CAB7F200693D300B6375D /* SHViewController.h */ = {isa = PBXFileReference; lastKnownFileType = sourcecode.c.h; path = SHViewController.h; sourceTree = "<group>"; };
		196CAB80200693D300B6375D /* SHViewController.m */ = {isa = PBXFileReference; lastKnownFileType = sourcecode.c.objc; path = SHViewController.m; sourceTree = "<group>"; };
		196CAB83200693D300B6375D /* Base */ = {isa = PBXFileReference; lastKnownFileType = file.storyboard; name = Base; path = Base.lproj/Main.storyboard; sourceTree = "<group>"; };
		196CAB85200693D300B6375D /* Assets.xcassets */ = {isa = PBXFileReference; lastKnownFileType = folder.assetcatalog; path = Assets.xcassets; sourceTree = "<group>"; };
		196CAB88200693D300B6375D /* Base */ = {isa = PBXFileReference; lastKnownFileType = file.storyboard; name = Base; path = Base.lproj/LaunchScreen.storyboard; sourceTree = "<group>"; };
		196CAB8A200693D300B6375D /* Info.plist */ = {isa = PBXFileReference; lastKnownFileType = text.plist.xml; path = Info.plist; sourceTree = "<group>"; };
		196CAB8B200693D300B6375D /* main.m */ = {isa = PBXFileReference; lastKnownFileType = sourcecode.c.objc; path = main.m; sourceTree = "<group>"; };
		196CAB962006950700B6375D /* SHGameBoard.h */ = {isa = PBXFileReference; lastKnownFileType = sourcecode.c.h; path = SHGameBoard.h; sourceTree = "<group>"; };
		196CAB972006950700B6375D /* SHGameBoard.m */ = {isa = PBXFileReference; lastKnownFileType = sourcecode.c.objc; path = SHGameBoard.m; sourceTree = "<group>"; };
		196CAB99200697D300B6375D /* SHGame.h */ = {isa = PBXFileReference; lastKnownFileType = sourcecode.c.h; path = SHGame.h; sourceTree = "<group>"; };
		196CAB9A200697D300B6375D /* SHGame.m */ = {isa = PBXFileReference; lastKnownFileType = sourcecode.c.objc; path = SHGame.m; sourceTree = "<group>"; };
		19C5C1E42007564100237204 /* SHGliderPattern.h */ = {isa = PBXFileReference; lastKnownFileType = sourcecode.c.h; path = SHGliderPattern.h; sourceTree = "<group>"; };
		19C5C1E52007564100237204 /* SHGliderPattern.m */ = {isa = PBXFileReference; lastKnownFileType = sourcecode.c.objc; path = SHGliderPattern.m; sourceTree = "<group>"; };
		19C5C1E72007571E00237204 /* SHGameConstants.h */ = {isa = PBXFileReference; lastKnownFileType = sourcecode.c.h; path = SHGameConstants.h; sourceTree = "<group>"; };
		19C5C1E82007580700237204 /* SHGameBoardCellKeyBuilder.h */ = {isa = PBXFileReference; lastKnownFileType = sourcecode.c.h; path = SHGameBoardCellKeyBuilder.h; sourceTree = "<group>"; };
		19C5C1E92007580700237204 /* SHGameBoardCellKeyBuilder.m */ = {isa = PBXFileReference; lastKnownFileType = sourcecode.c.objc; path = SHGameBoardCellKeyBuilder.m; sourceTree = "<group>"; };
		19C5C1F22007596A00237204 /* SHPattern.h */ = {isa = PBXFileReference; lastKnownFileType = sourcecode.c.h; path = SHPattern.h; sourceTree = "<group>"; };
		19C5C1F32007596A00237204 /* SHPattern.m */ = {isa = PBXFileReference; lastKnownFileType = sourcecode.c.objc; path = SHPattern.m; sourceTree = "<group>"; };
/* End PBXFileReference section */

/* Begin PBXFrameworksBuildPhase section */
		196CAB76200693D300B6375D /* Frameworks */ = {
			isa = PBXFrameworksBuildPhase;
			buildActionMask = 2147483647;
			files = (
			);
			runOnlyForDeploymentPostprocessing = 0;
		};
/* End PBXFrameworksBuildPhase section */

/* Begin PBXGroup section */
		196CAB70200693D300B6375D = {
			isa = PBXGroup;
			children = (
				196CAB7B200693D300B6375D /* GameOfLife */,
				196CAB7A200693D300B6375D /* Products */,
			);
			sourceTree = "<group>";
		};
		196CAB7A200693D300B6375D /* Products */ = {
			isa = PBXGroup;
			children = (
				196CAB79200693D300B6375D /* GameOfLife.app */,
			);
			name = Products;
			sourceTree = "<group>";
		};
		196CAB7B200693D300B6375D /* GameOfLife */ = {
			isa = PBXGroup;
			children = (
				196CAB7C200693D300B6375D /* SHAppDelegate.h */,
				196CAB7D200693D300B6375D /* SHAppDelegate.m */,
				196CAB7F200693D300B6375D /* SHViewController.h */,
				196CAB80200693D300B6375D /* SHViewController.m */,
				196CAB922006945400B6375D /* Game */,
				196CAB82200693D300B6375D /* Main.storyboard */,
				196CAB85200693D300B6375D /* Assets.xcassets */,
				196CAB87200693D300B6375D /* LaunchScreen.storyboard */,
				196CAB8A200693D300B6375D /* Info.plist */,
				196CAB8B200693D300B6375D /* main.m */,
			);
			path = GameOfLife;
			sourceTree = "<group>";
		};
		196CAB922006945400B6375D /* Game */ = {
			isa = PBXGroup;
			children = (
				19C5C1E72007571E00237204 /* SHGameConstants.h */,
				196CAB99200697D300B6375D /* SHGame.h */,
				196CAB9A200697D300B6375D /* SHGame.m */,
				196CAB962006950700B6375D /* SHGameBoard.h */,
				196CAB972006950700B6375D /* SHGameBoard.m */,
				19C5C1E82007580700237204 /* SHGameBoardCellKeyBuilder.h */,
				19C5C1E92007580700237204 /* SHGameBoardCellKeyBuilder.m */,
				19C5C1EB200758ED00237204 /* Patterns */,
			);
			path = Game;
			sourceTree = "<group>";
		};
		19C5C1EB200758ED00237204 /* Patterns */ = {
			isa = PBXGroup;
			children = (
				19C5C1E42007564100237204 /* SHGliderPattern.h */,
				19C5C1E52007564100237204 /* SHGliderPattern.m */,
				19C5C1F22007596A00237204 /* SHPattern.h */,
				19C5C1F32007596A00237204 /* SHPattern.m */,
			);
			path = Patterns;
			sourceTree = "<group>";
		};
/* End PBXGroup section */

/* Begin PBXNativeTarget section */
		196CAB78200693D300B6375D /* GameOfLife */ = {
			isa = PBXNativeTarget;
			buildConfigurationList = 196CAB8F200693D300B6375D /* Build configuration list for PBXNativeTarget "GameOfLife" */;
			buildPhases = (
				196CAB75200693D300B6375D /* Sources */,
				196CAB76200693D300B6375D /* Frameworks */,
				196CAB77200693D300B6375D /* Resources */,
			);
			buildRules = (
			);
			dependencies = (
			);
			name = GameOfLife;
			productName = GameOfLife;
			productReference = 196CAB79200693D300B6375D /* GameOfLife.app */;
			productType = "com.apple.product-type.application";
		};
/* End PBXNativeTarget section */

/* Begin PBXProject section */
		196CAB71200693D300B6375D /* Project object */ = {
			isa = PBXProject;
			attributes = {
				LastUpgradeCheck = 0920;
				ORGANIZATIONNAME = "Serhii Horbenko";
				TargetAttributes = {
					196CAB78200693D300B6375D = {
						CreatedOnToolsVersion = 9.2;
						ProvisioningStyle = Automatic;
					};
				};
			};
			buildConfigurationList = 196CAB74200693D300B6375D /* Build configuration list for PBXProject "GameOfLife" */;
			compatibilityVersion = "Xcode 8.0";
			developmentRegion = en;
			hasScannedForEncodings = 0;
			knownRegions = (
				en,
				Base,
			);
			mainGroup = 196CAB70200693D300B6375D;
			productRefGroup = 196CAB7A200693D300B6375D /* Products */;
			projectDirPath = "";
			projectRoot = "";
			targets = (
				196CAB78200693D300B6375D /* GameOfLife */,
			);
		};
/* End PBXProject section */

/* Begin PBXResourcesBuildPhase section */
		196CAB77200693D300B6375D /* Resources */ = {
			isa = PBXResourcesBuildPhase;
			buildActionMask = 2147483647;
			files = (
				196CAB89200693D300B6375D /* LaunchScreen.storyboard in Resources */,
				196CAB86200693D300B6375D /* Assets.xcassets in Resources */,
				196CAB84200693D300B6375D /* Main.storyboard in Resources */,
			);
			runOnlyForDeploymentPostprocessing = 0;
		};
/* End PBXResourcesBuildPhase section */

/* Begin PBXSourcesBuildPhase section */
		196CAB75200693D300B6375D /* Sources */ = {
			isa = PBXSourcesBuildPhase;
			buildActionMask = 2147483647;
			files = (
				19C5C1E62007564100237204 /* SHGliderPattern.m in Sources */,
				196CAB81200693D300B6375D /* SHViewController.m in Sources */,
				19C5C1EA2007580700237204 /* SHGameBoardCellKeyBuilder.m in Sources */,
				196CAB8C200693D300B6375D /* main.m in Sources */,
				196CAB982006950700B6375D /* SHGameBoard.m in Sources */,
				196CAB9B200697D300B6375D /* SHGame.m in Sources */,
				196CAB7E200693D300B6375D /* SHAppDelegate.m in Sources */,
				19C5C1F42007596A00237204 /* SHPattern.m in Sources */,
			);
			runOnlyForDeploymentPostprocessing = 0;
		};
/* End PBXSourcesBuildPhase section */

/* Begin PBXVariantGroup section */
		196CAB82200693D300B6375D /* Main.storyboard */ = {
			isa = PBXVariantGroup;
			children = (
				196CAB83200693D300B6375D /* Base */,
			);
			name = Main.storyboard;
			sourceTree = "<group>";
		};
		196CAB87200693D300B6375D /* LaunchScreen.storyboard */ = {
			isa = PBXVariantGroup;
			children = (
				196CAB88200693D300B6375D /* Base */,
			);
			name = LaunchScreen.storyboard;
			sourceTree = "<group>";
		};
/* End PBXVariantGroup section */

/* Begin XCBuildConfiguration section */
		196CAB8D200693D300B6375D /* Debug */ = {
			isa = XCBuildConfiguration;
			buildSettings = {
				ALWAYS_SEARCH_USER_PATHS = NO;
				CLANG_ANALYZER_NONNULL = YES;
				CLANG_ANALYZER_NUMBER_OBJECT_CONVERSION = YES_AGGRESSIVE;
				CLANG_CXX_LANGUAGE_STANDARD = "gnu++14";
				CLANG_CXX_LIBRARY = "libc++";
				CLANG_ENABLE_MODULES = YES;
				CLANG_ENABLE_OBJC_ARC = YES;
				CLANG_WARN_BLOCK_CAPTURE_AUTORELEASING = YES;
				CLANG_WARN_BOOL_CONVERSION = YES;
				CLANG_WARN_COMMA = YES;
				CLANG_WARN_CONSTANT_CONVERSION = YES;
				CLANG_WARN_DIRECT_OBJC_ISA_USAGE = YES_ERROR;
				CLANG_WARN_DOCUMENTATION_COMMENTS = YES;
				CLANG_WARN_EMPTY_BODY = YES;
				CLANG_WARN_ENUM_CONVERSION = YES;
				CLANG_WARN_INFINITE_RECURSION = YES;
				CLANG_WARN_INT_CONVERSION = YES;
				CLANG_WARN_NON_LITERAL_NULL_CONVERSION = YES;
				CLANG_WARN_OBJC_LITERAL_CONVERSION = YES;
				CLANG_WARN_OBJC_ROOT_CLASS = YES_ERROR;
				CLANG_WARN_RANGE_LOOP_ANALYSIS = YES;
				CLANG_WARN_STRICT_PROTOTYPES = YES;
				CLANG_WARN_SUSPICIOUS_MOVE = YES;
				CLANG_WARN_UNGUARDED_AVAILABILITY = YES_AGGRESSIVE;
				CLANG_WARN_UNREACHABLE_CODE = YES;
				CLANG_WARN__DUPLICATE_METHOD_MATCH = YES;
				CODE_SIGN_IDENTITY = "iPhone Developer";
				COPY_PHASE_STRIP = NO;
				DEBUG_INFORMATION_FORMAT = dwarf;
				ENABLE_STRICT_OBJC_MSGSEND = YES;
				ENABLE_TESTABILITY = YES;
				GCC_C_LANGUAGE_STANDARD = gnu11;
				GCC_DYNAMIC_NO_PIC = NO;
				GCC_NO_COMMON_BLOCKS = YES;
				GCC_OPTIMIZATION_LEVEL = 0;
				GCC_PREPROCESSOR_DEFINITIONS = (
					"DEBUG=1",
					"$(inherited)",
				);
				GCC_WARN_64_TO_32_BIT_CONVERSION = YES;
				GCC_WARN_ABOUT_RETURN_TYPE = YES_ERROR;
				GCC_WARN_UNDECLARED_SELECTOR = YES;
				GCC_WARN_UNINITIALIZED_AUTOS = YES_AGGRESSIVE;
				GCC_WARN_UNUSED_FUNCTION = YES;
				GCC_WARN_UNUSED_VARIABLE = YES;
				IPHONEOS_DEPLOYMENT_TARGET = 11.2;
				MTL_ENABLE_DEBUG_INFO = YES;
				ONLY_ACTIVE_ARCH = YES;
				SDKROOT = iphoneos;
			};
			name = Debug;
		};
		196CAB8E200693D300B6375D /* Release */ = {
			isa = XCBuildConfiguration;
			buildSettings = {
				ALWAYS_SEARCH_USER_PATHS = NO;
				CLANG_ANALYZER_NONNULL = YES;
				CLANG_ANALYZER_NUMBER_OBJECT_CONVERSION = YES_AGGRESSIVE;
				CLANG_CXX_LANGUAGE_STANDARD = "gnu++14";
				CLANG_CXX_LIBRARY = "libc++";
				CLANG_ENABLE_MODULES = YES;
				CLANG_ENABLE_OBJC_ARC = YES;
				CLANG_WARN_BLOCK_CAPTURE_AUTORELEASING = YES;
				CLANG_WARN_BOOL_CONVERSION = YES;
				CLANG_WARN_COMMA = YES;
				CLANG_WARN_CONSTANT_CONVERSION = YES;
				CLANG_WARN_DIRECT_OBJC_ISA_USAGE = YES_ERROR;
				CLANG_WARN_DOCUMENTATION_COMMENTS = YES;
				CLANG_WARN_EMPTY_BODY = YES;
				CLANG_WARN_ENUM_CONVERSION = YES;
				CLANG_WARN_INFINITE_RECURSION = YES;
				CLANG_WARN_INT_CONVERSION = YES;
				CLANG_WARN_NON_LITERAL_NULL_CONVERSION = YES;
				CLANG_WARN_OBJC_LITERAL_CONVERSION = YES;
				CLANG_WARN_OBJC_ROOT_CLASS = YES_ERROR;
				CLANG_WARN_RANGE_LOOP_ANALYSIS = YES;
				CLANG_WARN_STRICT_PROTOTYPES = YES;
				CLANG_WARN_SUSPICIOUS_MOVE = YES;
				CLANG_WARN_UNGUARDED_AVAILABILITY = YES_AGGRESSIVE;
				CLANG_WARN_UNREACHABLE_CODE = YES;
				CLANG_WARN__DUPLICATE_METHOD_MATCH = YES;
				CODE_SIGN_IDENTITY = "iPhone Developer";
				COPY_PHASE_STRIP = NO;
				DEBUG_INFORMATION_FORMAT = "dwarf-with-dsym";
				ENABLE_NS_ASSERTIONS = NO;
				ENABLE_STRICT_OBJC_MSGSEND = YES;
				GCC_C_LANGUAGE_STANDARD = gnu11;
				GCC_NO_COMMON_BLOCKS = YES;
				GCC_WARN_64_TO_32_BIT_CONVERSION = YES;
				GCC_WARN_ABOUT_RETURN_TYPE = YES_ERROR;
				GCC_WARN_UNDECLARED_SELECTOR = YES;
				GCC_WARN_UNINITIALIZED_AUTOS = YES_AGGRESSIVE;
				GCC_WARN_UNUSED_FUNCTION = YES;
				GCC_WARN_UNUSED_VARIABLE = YES;
				IPHONEOS_DEPLOYMENT_TARGET = 11.2;
				MTL_ENABLE_DEBUG_INFO = NO;
				SDKROOT = iphoneos;
				VALIDATE_PRODUCT = YES;
			};
			name = Release;
		};
		196CAB90200693D300B6375D /* Debug */ = {
			isa = XCBuildConfiguration;
			buildSettings = {
				ASSETCATALOG_COMPILER_APPICON_NAME = AppIcon;
				CODE_SIGN_STYLE = Automatic;
				INFOPLIST_FILE = GameOfLife/Info.plist;
				LD_RUNPATH_SEARCH_PATHS = "$(inherited) @executable_path/Frameworks";
				PRODUCT_BUNDLE_IDENTIFIER = com.sergeyne.GameOfLife;
				PRODUCT_NAME = "$(TARGET_NAME)";
				TARGETED_DEVICE_FAMILY = "1,2";
			};
			name = Debug;
		};
		196CAB91200693D300B6375D /* Release */ = {
			isa = XCBuildConfiguration;
			buildSettings = {
				ASSETCATALOG_COMPILER_APPICON_NAME = AppIcon;
				CODE_SIGN_STYLE = Automatic;
				INFOPLIST_FILE = GameOfLife/Info.plist;
				LD_RUNPATH_SEARCH_PATHS = "$(inherited) @executable_path/Frameworks";
				PRODUCT_BUNDLE_IDENTIFIER = com.sergeyne.GameOfLife;
				PRODUCT_NAME = "$(TARGET_NAME)";
				TARGETED_DEVICE_FAMILY = "1,2";
			};
			name = Release;
		};
/* End XCBuildConfiguration section */

/* Begin XCConfigurationList section */
		196CAB74200693D300B6375D /* Build configuration list for PBXProject "GameOfLife" */ = {
			isa = XCConfigurationList;
			buildConfigurations = (
				196CAB8D200693D300B6375D /* Debug */,
				196CAB8E200693D300B6375D /* Release */,
			);
			defaultConfigurationIsVisible = 0;
			defaultConfigurationName = Release;
		};
		196CAB8F200693D300B6375D /* Build configuration list for PBXNativeTarget "GameOfLife" */ = {
			isa = XCConfigurationList;
			buildConfigurations = (
				196CAB90200693D300B6375D /* Debug */,
				196CAB91200693D300B6375D /* Release */,
			);
			defaultConfigurationIsVisible = 0;
			defaultConfigurationName = Release;
		};
/* End XCConfigurationList section */
	};
	rootObject = 196CAB71200693D300B6375D /* Project object */;
}
